
Microsoft Visual Studio Solution File, Format Version 12.00
# Visual Studio 15
VisualStudioVersion = 15.0.28307.102
MinimumVisualStudioVersion = 10.0.40219.1
Project("{FAE04EC0-301F-11D3-BF4B-00C04F79EFBC}") = "HalloWelt", "HalloWelt\HalloWelt.csproj", "{4888A045-7792-408B-83B0-87F8D92BEAD1}"
EndProject
Project("{FAE04EC0-301F-11D3-BF4B-00C04F79EFBC}") = "OOP", "OOP\OOP.csproj", "{7EC37299-4ED1-4BDE-A77E-4DAEC6F1F6D6}"
EndProject
Project("{FAE04EC0-301F-11D3-BF4B-00C04F79EFBC}") = "Schnittstellen", "Schnittstellen\Schnittstellen.csproj", "{01162134-5481-47AF-8A85-71646A677368}"
EndProject
Project("{FAE04EC0-301F-11D3-BF4B-00C04F79EFBC}") = "DelegatenUndEreignisse", "DelegatenUndEreignisse\DelegatenUndEreignisse.csproj", "{1A1CB97B-D6FB-44A3-961F-22B00C2F1B33}"
EndProject
Project("{FAE04EC0-301F-11D3-BF4B-00C04F79EFBC}") = "HalloForms", "HalloForms\HalloForms.csproj", "{1823090D-F5AB-4EDB-B25B-4C4391E9701C}"
EndProject
Project("{FAE04EC0-301F-11D3-BF4B-00C04F79EFBC}") = "HalloWPF", "HalloWPF\HalloWPF.csproj", "{A57849DC-D6CF-4839-A5CD-FAB48D24F609}"
EndProject
Project("{FAE04EC0-301F-11D3-BF4B-00C04F79EFBC}") = "HalloEditor", "HalloEditor\HalloEditor.csproj", "{F8B16040-5FB6-458D-978F-49A44B7C1E25}"
EndProject
Project("{FAE04EC0-301F-11D3-BF4B-00C04F79EFBC}") = "KomplexeDatentypen", "KomplexeDatentypen\KomplexeDatentypen.csproj", "{29BD5816-B626-444F-B384-FB173A3ECCD0}"
EndProject
Project("{FAE04EC0-301F-11D3-BF4B-00C04F79EFBC}") = "MeineFeatures", "MeineFeatures\MeineFeatures.csproj", "{E8120FE3-70AF-41E4-83DF-5B217AC1ADFF}"
EndProject
Project("{FAE04EC0-301F-11D3-BF4B-00C04F79EFBC}") = "XMLSerialisierung", "XMLSerialisierung\XMLSerialisierung.csproj", "{737D781B-0841-4A8D-9146-7831F9DD9A8E}"
EndProject
Project("{FAE04EC0-301F-11D3-BF4B-00C04F79EFBC}") = "WPFMediaElement", "WPFMediaElement\WPFMediaElement.csproj", "{0B4C0485-4D07-4D29-8381-3D598193AEDA}"
EndProject
Global
	GlobalSection(SolutionConfigurationPlatforms) = preSolution
		Debug|Any CPU = Debug|Any CPU
		Release|Any CPU = Release|Any CPU
	EndGlobalSection
	GlobalSection(ProjectConfigurationPlatforms) = postSolution
		{4888A045-7792-408B-83B0-87F8D92BEAD1}.Debug|Any CPU.ActiveCfg = Debug|Any CPU
		{4888A045-7792-408B-83B0-87F8D92BEAD1}.Debug|Any CPU.Build.0 = Debug|Any CPU
		{4888A045-7792-408B-83B0-87F8D92BEAD1}.Release|Any CPU.ActiveCfg = Release|Any CPU
		{4888A045-7792-408B-83B0-87F8D92BEAD1}.Release|Any CPU.Build.0 = Release|Any CPU
		{7EC37299-4ED1-4BDE-A77E-4DAEC6F1F6D6}.Debug|Any CPU.ActiveCfg = Debug|Any CPU
		{7EC37299-4ED1-4BDE-A77E-4DAEC6F1F6D6}.Debug|Any CPU.Build.0 = Debug|Any CPU
		{7EC37299-4ED1-4BDE-A77E-4DAEC6F1F6D6}.Release|Any CPU.ActiveCfg = Release|Any CPU
		{7EC37299-4ED1-4BDE-A77E-4DAEC6F1F6D6}.Release|Any CPU.Build.0 = Release|Any CPU
		{01162134-5481-47AF-8A85-71646A677368}.Debug|Any CPU.ActiveCfg = Debug|Any CPU
		{01162134-5481-47AF-8A85-71646A677368}.Debug|Any CPU.Build.0 = Debug|Any CPU
		{01162134-5481-47AF-8A85-71646A677368}.Release|Any CPU.ActiveCfg = Release|Any CPU
		{01162134-5481-47AF-8A85-71646A677368}.Release|Any CPU.Build.0 = Release|Any CPU
		{1A1CB97B-D6FB-44A3-961F-22B00C2F1B33}.Debug|Any CPU.ActiveCfg = Debug|Any CPU
		{1A1CB97B-D6FB-44A3-961F-22B00C2F1B33}.Debug|Any CPU.Build.0 = Debug|Any CPU
		{1A1CB97B-D6FB-44A3-961F-22B00C2F1B33}.Release|Any CPU.ActiveCfg = Release|Any CPU
		{1A1CB97B-D6FB-44A3-961F-22B00C2F1B33}.Release|Any CPU.Build.0 = Release|Any CPU
		{1823090D-F5AB-4EDB-B25B-4C4391E9701C}.Debug|Any CPU.ActiveCfg = Debug|Any CPU
		{1823090D-F5AB-4EDB-B25B-4C4391E9701C}.Debug|Any CPU.Build.0 = Debug|Any CPU
		{1823090D-F5AB-4EDB-B25B-4C4391E9701C}.Release|Any CPU.ActiveCfg = Release|Any CPU
		{1823090D-F5AB-4EDB-B25B-4C4391E9701C}.Release|Any CPU.Build.0 = Release|Any CPU
		{A57849DC-D6CF-4839-A5CD-FAB48D24F609}.Debug|Any CPU.ActiveCfg = Debug|Any CPU
		{A57849DC-D6CF-4839-A5CD-FAB48D24F609}.Debug|Any CPU.Build.0 = Debug|Any CPU
		{A57849DC-D6CF-4839-A5CD-FAB48D24F609}.Release|Any CPU.ActiveCfg = Release|Any CPU
		{A57849DC-D6CF-4839-A5CD-FAB48D24F609}.Release|Any CPU.Build.0 = Release|Any CPU
		{F8B16040-5FB6-458D-978F-49A44B7C1E25}.Debug|Any CPU.ActiveCfg = Debug|Any CPU
		{F8B16040-5FB6-458D-978F-49A44B7C1E25}.Debug|Any CPU.Build.0 = Debug|Any CPU
		{F8B16040-5FB6-458D-978F-49A44B7C1E25}.Release|Any CPU.ActiveCfg = Release|Any CPU
		{F8B16040-5FB6-458D-978F-49A44B7C1E25}.Release|Any CPU.Build.0 = Release|Any CPU
		{29BD5816-B626-444F-B384-FB173A3ECCD0}.Debug|Any CPU.ActiveCfg = Debug|Any CPU
		{29BD5816-B626-444F-B384-FB173A3ECCD0}.Debug|Any CPU.Build.0 = Debug|Any CPU
		{29BD5816-B626-444F-B384-FB173A3ECCD0}.Release|Any CPU.ActiveCfg = Release|Any CPU
		{29BD5816-B626-444F-B384-FB173A3ECCD0}.Release|Any CPU.Build.0 = Release|Any CPU
		{E8120FE3-70AF-41E4-83DF-5B217AC1ADFF}.Debug|Any CPU.ActiveCfg = Debug|Any CPU
		{E8120FE3-70AF-41E4-83DF-5B217AC1ADFF}.Debug|Any CPU.Build.0 = Debug|Any CPU
		{E8120FE3-70AF-41E4-83DF-5B217AC1ADFF}.Release|Any CPU.ActiveCfg = Release|Any CPU
		{E8120FE3-70AF-41E4-83DF-5B217AC1ADFF}.Release|Any CPU.Build.0 = Release|Any CPU
		{737D781B-0841-4A8D-9146-7831F9DD9A8E}.Debug|Any CPU.ActiveCfg = Debug|Any CPU
		{737D781B-0841-4A8D-9146-7831F9DD9A8E}.Debug|Any CPU.Build.0 = Debug|Any CPU
		{737D781B-0841-4A8D-9146-7831F9DD9A8E}.Release|Any CPU.ActiveCfg = Release|Any CPU
		{737D781B-0841-4A8D-9146-7831F9DD9A8E}.Release|Any CPU.Build.0 = Release|Any CPU
		{0B4C0485-4D07-4D29-8381-3D598193AEDA}.Debug|Any CPU.ActiveCfg = Debug|Any CPU
		{0B4C0485-4D07-4D29-8381-3D598193AEDA}.Debug|Any CPU.Build.0 = Debug|Any CPU
		{0B4C0485-4D07-4D29-8381-3D598193AEDA}.Release|Any CPU.ActiveCfg = Release|Any CPU
		{0B4C0485-4D07-4D29-8381-3D598193AEDA}.Release|Any CPU.Build.0 = Release|Any CPU
	EndGlobalSection
	GlobalSection(SolutionProperties) = preSolution
		HideSolutionNode = FALSE
	EndGlobalSection
	GlobalSection(ExtensibilityGlobals) = postSolution
		SolutionGuid = {9FE52B2C-95A1-4835-9B98-87BBD1D7AA88}
	EndGlobalSection
EndGlobal
